
Microsoft Visual Studio Solution File, Format Version 12.00
# Visual Studio 15
VisualStudioVersion = 15.0.27703.2026
MinimumVisualStudioVersion = 10.0.40219.1
Project("{8BC9CEB8-8B4A-11D0-8D11-00A0C91BC942}") = "AdvancedVision", "AdvancedVision\AdvancedVision.vcxproj", "{3050A641-8C2C-4D3B-AD09-008F13E1C668}"
EndProject
Project("{8BC9CEB8-8B4A-11D0-8D11-00A0C91BC942}") = "NeuralNetworkTest", "NeuralNetworkTest\NeuralNetworkTest.vcxproj", "{8FA573F1-3E00-4B70-97EB-D153AE37080A}"
EndProject
Global
	GlobalSection(SolutionConfigurationPlatforms) = preSolution
		Debug|x64 = Debug|x64
		Debug|x86 = Debug|x86
		Release|x64 = Release|x64
		Release|x86 = Release|x86
	EndGlobalSection
	GlobalSection(ProjectConfigurationPlatforms) = postSolution
		{3050A641-8C2C-4D3B-AD09-008F13E1C668}.Debug|x64.ActiveCfg = Debug|x64
		{3050A641-8C2C-4D3B-AD09-008F13E1C668}.Debug|x64.Build.0 = Debug|x64
		{3050A641-8C2C-4D3B-AD09-008F13E1C668}.Debug|x86.ActiveCfg = Debug|Win32
		{3050A641-8C2C-4D3B-AD09-008F13E1C668}.Debug|x86.Build.0 = Debug|Win32
		{3050A641-8C2C-4D3B-AD09-008F13E1C668}.Release|x64.ActiveCfg = Release|x64
		{3050A641-8C2C-4D3B-AD09-008F13E1C668}.Release|x64.Build.0 = Release|x64
		{3050A641-8C2C-4D3B-AD09-008F13E1C668}.Release|x86.ActiveCfg = Release|Win32
		{3050A641-8C2C-4D3B-AD09-008F13E1C668}.Release|x86.Build.0 = Release|Win32
		{8FA573F1-3E00-4B70-97EB-D153AE37080A}.Debug|x64.ActiveCfg = Debug|x64
		{8FA573F1-3E00-4B70-97EB-D153AE37080A}.Debug|x64.Build.0 = Debug|x64
		{8FA573F1-3E00-4B70-97EB-D153AE37080A}.Debug|x86.ActiveCfg = Debug|Win32
		{8FA573F1-3E00-4B70-97EB-D153AE37080A}.Debug|x86.Build.0 = Debug|Win32
		{8FA573F1-3E00-4B70-97EB-D153AE37080A}.Release|x64.ActiveCfg = Release|x64
		{8FA573F1-3E00-4B70-97EB-D153AE37080A}.Release|x64.Build.0 = Release|x64
		{8FA573F1-3E00-4B70-97EB-D153AE37080A}.Release|x86.ActiveCfg = Release|Win32
		{8FA573F1-3E00-4B70-97EB-D153AE37080A}.Release|x86.Build.0 = Release|Win32
	EndGlobalSection
	GlobalSection(SolutionProperties) = preSolution
		HideSolutionNode = FALSE
	EndGlobalSection
	GlobalSection(ExtensibilityGlobals) = postSolution
		SolutionGuid = {F93E3CE4-1DAB-4C6B-BC3F-4A447CECEE20}
	EndGlobalSection
EndGlobal
